{
    "_readme": [
        "This file locks the dependencies of your project to a known state",
        "Read more about it at https://getcomposer.org/doc/01-basic-usage.md#installing-dependencies",
        "This file is @generated automatically"
    ],
    "content-hash": "eaee25ff0d1638dc2a061e4bd67a9f47",
    "packages": [
        {
            "name": "apache/log4php",
            "version": "2.3.0",
            "source": {
                "type": "git",
                "url": "https://git-wip-us.apache.org/repos/asf/logging-log4php.git",
                "reference": "cac428b6f67d2035af39784da1d1a299ef42fcf2"
            },
            "require": {
                "php": ">=5.2.7"
            },
            "type": "library",
            "autoload": {
                "classmap": [
                    "src/main/php/"
                ]
            },
            "notification-url": "https://packagist.org/downloads/",
            "license": [
                "Apache-2.0"
            ],
            "description": "A versatile logging framework for PHP",
            "homepage": "http://logging.apache.org/log4php/",
            "keywords": [
                "log",
                "logging",
                "php"
            ],
            "time": "2012-10-26T09:13:25+00:00"
        },
        {
            "name": "facebook/facebook-instant-articles-sdk-extensions-in-php",
            "version": "v0.1.1",
            "source": {
                "type": "git",
                "url": "https://github.com/facebook/facebook-instant-articles-sdk-extensions-in-php.git",
                "reference": "f574ad6230ced8d8159b7b59a41ac6238d8d6353"
            },
            "dist": {
                "type": "zip",
                "url": "https://api.github.com/repos/facebook/facebook-instant-articles-sdk-extensions-in-php/zipball/f574ad6230ced8d8159b7b59a41ac6238d8d6353",
                "reference": "f574ad6230ced8d8159b7b59a41ac6238d8d6353",
                "shasum": ""
            },
            "require": {
                "facebook/facebook-instant-articles-sdk-php": "^1.6",
                "php": "^5.4 || ^7.0"
            },
            "require-dev": {
                "phpunit/phpunit": "^4.8"
            },
            "type": "library",
            "autoload": {
                "psr-4": {
                    "Facebook\\InstantArticles\\": "src/Facebook/InstantArticles/"
                }
            },
            "notification-url": "https://packagist.org/downloads/",
            "license": [
                "proprietary"
            ],
            "authors": [
                {
                    "name": "Facebook",
                    "homepage": "https://github.com/facebook/facebook-instant-articles-sdk-extensions-in-php/contributors"
                }
            ],
            "description": "Facebook Instant Articles SDK Extensions in PHP to transform Instant Articles markup file into AMP",
            "homepage": "https://github.com/facebook/facebook-instant-articles-sdk-extensions-in-php",
            "keywords": [
                "amp",
                "articles",
                "extensions",
                "facebook",
                "instant",
                "instantarticles",
                "sdk"
            ],
            "time": "2017-06-26T19:59:19+00:00"
        },
        {
            "name": "facebook/facebook-instant-articles-sdk-php",
            "version": "v1.10.2",
            "source": {
                "type": "git",
                "url": "https://github.com/facebook/facebook-instant-articles-sdk-php.git",
                "reference": "6f305ffc978f88461c0dc887b4f94118e05488d9"
            },
            "dist": {
                "type": "zip",
                "url": "https://api.github.com/repos/facebook/facebook-instant-articles-sdk-php/zipball/6f305ffc978f88461c0dc887b4f94118e05488d9",
                "reference": "6f305ffc978f88461c0dc887b4f94118e05488d9",
                "shasum": ""
            },
            "require": {
                "facebook/graph-sdk": "~5.0",
                "php": "^5.4 || ^5.6 || ^7",
                "symfony/css-selector": "^2.8 || ^3.1 || ^4.1"
            },
            "require-dev": {
                "fzaninotto/faker": "^1.6.0",
                "phpdocumentor/reflection-docblock": "^2.0 || ^4.0",
                "phpunit/phpunit": "4.8.*",
                "squizlabs/php_codesniffer": "^2.6.0 || ^3.0.0",
                "symfony/yaml": "2.1.* || 3.4.*"
            },
            "type": "library",
            "autoload": {
                "psr-4": {
                    "Facebook\\InstantArticles\\": "src/Facebook/InstantArticles/"
                }
            },
            "notification-url": "https://packagist.org/downloads/",
            "license": [
                "proprietary"
            ],
            "authors": [
                {
                    "name": "Facebook",
                    "homepage": "https://github.com/facebook/facebook-instant-articles-sdk-php/contributors"
                }
            ],
            "description": "Facebook Instant Articles SDK for PHP",
            "homepage": "https://github.com/facebook/facebook-instant-articles-sdk-php",
            "keywords": [
                "articles",
                "facebook",
                "instant",
                "sdk"
            ],
            "support": {
                "issues": "https://github.com/facebook/facebook-instant-articles-sdk-php/issues",
                "source": "https://github.com/facebook/facebook-instant-articles-sdk-php/tree/v1.10.2"
            },
            "time": "2021-04-12T18:39:47+00:00"
        },
        {
            "name": "facebook/graph-sdk",
            "version": "5.7.0",
            "source": {
                "type": "git",
                "url": "https://github.com/facebook/php-graph-sdk.git",
                "reference": "2d8250638b33d73e7a87add65f47fabf91f8ad9b"
            },
            "dist": {
                "type": "zip",
                "url": "https://api.github.com/repos/facebook/php-graph-sdk/zipball/2d8250638b33d73e7a87add65f47fabf91f8ad9b",
                "reference": "2d8250638b33d73e7a87add65f47fabf91f8ad9b",
                "shasum": ""
            },
            "require": {
                "php": "^5.4|^7.0"
            },
            "require-dev": {
                "guzzlehttp/guzzle": "~5.0",
                "mockery/mockery": "~0.8",
                "phpunit/phpunit": "~4.0"
            },
            "suggest": {
                "guzzlehttp/guzzle": "Allows for implementation of the Guzzle HTTP client",
                "paragonie/random_compat": "Provides a better CSPRNG option in PHP 5"
            },
            "type": "library",
            "extra": {
                "branch-alias": {
                    "dev-master": "5.x-dev"
                }
            },
            "autoload": {
                "psr-4": {
                    "Facebook\\": "src/Facebook/"
                },
                "files": [
                    "src/Facebook/polyfills.php"
                ]
            },
            "notification-url": "https://packagist.org/downloads/",
            "license": [
                "Facebook Platform"
            ],
            "authors": [
                {
                    "name": "Facebook",
                    "homepage": "https://github.com/facebook/php-graph-sdk/contributors"
                }
            ],
            "description": "Facebook SDK for PHP",
            "homepage": "https://github.com/facebook/php-graph-sdk",
            "keywords": [
                "facebook",
                "sdk"
            ],
            "support": {
                "issues": "https://github.com/facebook/php-graph-sdk/issues",
                "source": "https://github.com/facebook/php-graph-sdk/tree/5.7.0"
            },
            "time": "2018-12-11T22:56:31+00:00"
        },
        {
            "name": "symfony/css-selector",
            "version": "v2.8.52",
            "source": {
                "type": "git",
                "url": "https://github.com/symfony/css-selector.git",
                "reference": "7b1692e418d7ccac24c373528453bc90e42797de"
            },
            "dist": {
                "type": "zip",
                "url": "https://api.github.com/repos/symfony/css-selector/zipball/7b1692e418d7ccac24c373528453bc90e42797de",
                "reference": "7b1692e418d7ccac24c373528453bc90e42797de",
                "shasum": ""
            },
            "require": {
                "php": ">=5.3.9"
            },
            "type": "library",
            "extra": {
                "branch-alias": {
                    "dev-master": "2.8-dev"
                }
            },
            "autoload": {
                "psr-4": {
                    "Symfony\\Component\\CssSelector\\": ""
                },
                "exclude-from-classmap": [
                    "/Tests/"
                ]
            },
            "notification-url": "https://packagist.org/downloads/",
            "license": [
                "MIT"
            ],
            "authors": [
                {
                    "name": "Fabien Potencier",
                    "email": "fabien@symfony.com"
                },
                {
                    "name": "Jean-François Simon",
                    "email": "jeanfrancois.simon@sensiolabs.com"
                },
                {
                    "name": "Symfony Community",
                    "homepage": "https://symfony.com/contributors"
                }
            ],
            "description": "Symfony CssSelector Component",
            "homepage": "https://symfony.com",
            "support": {
                "source": "https://github.com/symfony/css-selector/tree/v2.8.52"
            },
            "time": "2018-11-11T11:18:13+00:00"
        }
    ],
    "packages-dev": [
        {
            "name": "squizlabs/php_codesniffer",
            "version": "2.9.1",
            "source": {
                "type": "git",
                "url": "https://github.com/squizlabs/PHP_CodeSniffer.git",
                "reference": "dcbed1074f8244661eecddfc2a675430d8d33f62"
            },
            "dist": {
                "type": "zip",
                "url": "https://api.github.com/repos/squizlabs/PHP_CodeSniffer/zipball/dcbed1074f8244661eecddfc2a675430d8d33f62",
                "reference": "dcbed1074f8244661eecddfc2a675430d8d33f62",
                "shasum": ""
            },
            "require": {
                "ext-simplexml": "*",
                "ext-tokenizer": "*",
                "ext-xmlwriter": "*",
                "php": ">=5.1.2"
            },
            "require-dev": {
                "phpunit/phpunit": "~4.0"
            },
            "bin": [
                "scripts/phpcs",
                "scripts/phpcbf"
            ],
            "type": "library",
            "extra": {
                "branch-alias": {
                    "dev-master": "2.x-dev"
                }
            },
            "autoload": {
                "classmap": [
                    "CodeSniffer.php",
                    "CodeSniffer/CLI.php",
                    "CodeSniffer/Exception.php",
                    "CodeSniffer/File.php",
                    "CodeSniffer/Fixer.php",
                    "CodeSniffer/Report.php",
                    "CodeSniffer/Reporting.php",
                    "CodeSniffer/Sniff.php",
                    "CodeSniffer/Tokens.php",
                    "CodeSniffer/Reports/",
                    "CodeSniffer/Tokenizers/",
                    "CodeSniffer/DocGenerators/",
                    "CodeSniffer/Standards/AbstractPatternSniff.php",
                    "CodeSniffer/Standards/AbstractScopeSniff.php",
                    "CodeSniffer/Standards/AbstractVariableSniff.php",
                    "CodeSniffer/Standards/IncorrectPatternException.php",
                    "CodeSniffer/Standards/Generic/Sniffs/",
                    "CodeSniffer/Standards/MySource/Sniffs/",
                    "CodeSniffer/Standards/PEAR/Sniffs/",
                    "CodeSniffer/Standards/PSR1/Sniffs/",
                    "CodeSniffer/Standards/PSR2/Sniffs/",
                    "CodeSniffer/Standards/Squiz/Sniffs/",
                    "CodeSniffer/Standards/Zend/Sniffs/"
                ]
            },
            "notification-url": "https://packagist.org/downloads/",
            "license": [
                "BSD-3-Clause"
            ],
            "authors": [
                {
                    "name": "Greg Sherwood",
                    "role": "lead"
                }
            ],
            "description": "PHP_CodeSniffer tokenizes PHP, JavaScript and CSS files and detects violations of a defined set of coding standards.",
            "homepage": "http://www.squizlabs.com/php-codesniffer",
            "keywords": [
                "phpcs",
                "standards"
            ],
            "time": "2017-05-22T02:43:20+00:00"
        },
        {
            "name": "wp-coding-standards/wpcs",
            "version": "0.11.0",
            "source": {
                "type": "git",
                "url": "https://github.com/WordPress-Coding-Standards/WordPress-Coding-Standards.git",
                "reference": "407e4b85f547a5251185f89ceae6599917343388"
            },
            "dist": {
                "type": "zip",
                "url": "https://api.github.com/repos/WordPress-Coding-Standards/WordPress-Coding-Standards/zipball/407e4b85f547a5251185f89ceae6599917343388",
                "reference": "407e4b85f547a5251185f89ceae6599917343388",
                "shasum": ""
            },
            "require": {
                "squizlabs/php_codesniffer": "^2.8.1"
            },
            "type": "library",
            "notification-url": "https://packagist.org/downloads/",
            "license": [
                "MIT"
            ],
            "authors": [
                {
                    "name": "Contributors",
                    "homepage": "https://github.com/WordPress-Coding-Standards/WordPress-Coding-Standards/graphs/contributors"
                }
            ],
            "description": "PHP_CodeSniffer rules (sniffs) to enforce WordPress coding conventions",
            "keywords": [
                "phpcs",
                "standards",
                "wordpress"
            ],
            "time": "2017-03-20T23:17:58+00:00"
        }
    ],
    "aliases": [],
    "minimum-stability": "stable",
    "stability-flags": [],
    "prefer-stable": false,
    "prefer-lowest": false,
    "platform": {
        "php": ">=5.4"
    },
    "platform-dev": [],
    "plugin-api-version": "2.0.0"
}
